
Microsoft Visual Studio Solution File, Format Version 12.00
# Visual Studio Version 17
VisualStudioVersion = 17.5.002.0
MinimumVisualStudioVersion = 10.0.40219.1
Project("{9A19103F-16F7-4668-BE54-9A1E7A4F7556}") = "MaviUcakInterviewTask", "MaviUcakInterviewTask.csproj", "{EC6E5EFC-4007-43F9-8858-E6B1E4326A92}"
EndProject
Global
	GlobalSection(SolutionConfigurationPlatforms) = preSolution
		Debug|Any CPU = Debug|Any CPU
		Release|Any CPU = Release|Any CPU
	EndGlobalSection
	GlobalSection(ProjectConfigurationPlatforms) = postSolution
		{EC6E5EFC-4007-43F9-8858-E6B1E4326A92}.Debug|Any CPU.ActiveCfg = Debug|Any CPU
		{EC6E5EFC-4007-43F9-8858-E6B1E4326A92}.Debug|Any CPU.Build.0 = Debug|Any CPU
		{EC6E5EFC-4007-43F9-8858-E6B1E4326A92}.Release|Any CPU.ActiveCfg = Release|Any CPU
		{EC6E5EFC-4007-43F9-8858-E6B1E4326A92}.Release|Any CPU.Build.0 = Release|Any CPU
	EndGlobalSection
	GlobalSection(SolutionProperties) = preSolution
		HideSolutionNode = FALSE
	EndGlobalSection
	GlobalSection(ExtensibilityGlobals) = postSolution
		SolutionGuid = {35A4081D-0E3D-43E5-A585-025E27627E71}
	EndGlobalSection
EndGlobal
